
Microsoft Visual Studio Solution File, Format Version 12.00
# Visual Studio 15
VisualStudioVersion = 15.0.27130.2027
MinimumVisualStudioVersion = 10.0.40219.1
Project("{FAE04EC0-301F-11D3-BF4B-00C04F79EFBC}") = "Figuras", "Figuras\Figuras.csproj", "{9C02D57B-5C6D-42AE-A8C1-63B10ACDD337}"
EndProject
Global
	GlobalSection(SolutionConfigurationPlatforms) = preSolution
		Debug|Any CPU = Debug|Any CPU
		Release|Any CPU = Release|Any CPU
	EndGlobalSection
	GlobalSection(ProjectConfigurationPlatforms) = postSolution
		{9C02D57B-5C6D-42AE-A8C1-63B10ACDD337}.Debug|Any CPU.ActiveCfg = Debug|Any CPU
		{9C02D57B-5C6D-42AE-A8C1-63B10ACDD337}.Debug|Any CPU.Build.0 = Debug|Any CPU
		{9C02D57B-5C6D-42AE-A8C1-63B10ACDD337}.Release|Any CPU.ActiveCfg = Release|Any CPU
		{9C02D57B-5C6D-42AE-A8C1-63B10ACDD337}.Release|Any CPU.Build.0 = Release|Any CPU
	EndGlobalSection
	GlobalSection(SolutionProperties) = preSolution
		HideSolutionNode = FALSE
	EndGlobalSection
	GlobalSection(ExtensibilityGlobals) = postSolution
		SolutionGuid = {5C23925A-EE44-40CE-A0D3-4443CFFD859E}
	EndGlobalSection
EndGlobal
