
Microsoft Visual Studio Solution File, Format Version 12.00
# Visual Studio 15
VisualStudioVersion = 15.0.27130.2010
MinimumVisualStudioVersion = 10.0.40219.1
Project("{FAE04EC0-301F-11D3-BF4B-00C04F79EFBC}") = "AtencionProcesos", "AtencionProcesos\AtencionProcesos.csproj", "{11354EDB-A57C-4A90-95F5-D728BE4257D5}"
EndProject
Global
	GlobalSection(SolutionConfigurationPlatforms) = preSolution
		Debug|Any CPU = Debug|Any CPU
		Release|Any CPU = Release|Any CPU
	EndGlobalSection
	GlobalSection(ProjectConfigurationPlatforms) = postSolution
		{11354EDB-A57C-4A90-95F5-D728BE4257D5}.Debug|Any CPU.ActiveCfg = Debug|Any CPU
		{11354EDB-A57C-4A90-95F5-D728BE4257D5}.Debug|Any CPU.Build.0 = Debug|Any CPU
		{11354EDB-A57C-4A90-95F5-D728BE4257D5}.Release|Any CPU.ActiveCfg = Release|Any CPU
		{11354EDB-A57C-4A90-95F5-D728BE4257D5}.Release|Any CPU.Build.0 = Release|Any CPU
	EndGlobalSection
	GlobalSection(SolutionProperties) = preSolution
		HideSolutionNode = FALSE
	EndGlobalSection
	GlobalSection(ExtensibilityGlobals) = postSolution
		SolutionGuid = {A1122689-1802-44C9-8C67-A718A3C70A21}
	EndGlobalSection
EndGlobal
