
Microsoft Visual Studio Solution File, Format Version 12.00
# Visual Studio 15
VisualStudioVersion = 15.0.27130.2027
MinimumVisualStudioVersion = 10.0.40219.1
Project("{FAE04EC0-301F-11D3-BF4B-00C04F79EFBC}") = "Simulador Dados", "Simulador Dados\Simulador Dados.csproj", "{8584AD44-E2CC-4451-AC8F-BE4572C1854C}"
EndProject
Global
	GlobalSection(SolutionConfigurationPlatforms) = preSolution
		Debug|Any CPU = Debug|Any CPU
		Release|Any CPU = Release|Any CPU
	EndGlobalSection
	GlobalSection(ProjectConfigurationPlatforms) = postSolution
		{8584AD44-E2CC-4451-AC8F-BE4572C1854C}.Debug|Any CPU.ActiveCfg = Debug|Any CPU
		{8584AD44-E2CC-4451-AC8F-BE4572C1854C}.Debug|Any CPU.Build.0 = Debug|Any CPU
		{8584AD44-E2CC-4451-AC8F-BE4572C1854C}.Release|Any CPU.ActiveCfg = Release|Any CPU
		{8584AD44-E2CC-4451-AC8F-BE4572C1854C}.Release|Any CPU.Build.0 = Release|Any CPU
	EndGlobalSection
	GlobalSection(SolutionProperties) = preSolution
		HideSolutionNode = FALSE
	EndGlobalSection
	GlobalSection(ExtensibilityGlobals) = postSolution
		SolutionGuid = {EF06C470-2B6E-41A6-BA4C-A035854F053A}
	EndGlobalSection
EndGlobal
