
Microsoft Visual Studio Solution File, Format Version 12.00
# Visual Studio 15
VisualStudioVersion = 15.0.27130.2010
MinimumVisualStudioVersion = 10.0.40219.1
Project("{FAE04EC0-301F-11D3-BF4B-00C04F79EFBC}") = "Elavador", "Elavador\Elavador.csproj", "{7303CBD1-24F0-4A02-830A-23374E2D4D50}"
EndProject
Global
	GlobalSection(SolutionConfigurationPlatforms) = preSolution
		Debug|Any CPU = Debug|Any CPU
		Release|Any CPU = Release|Any CPU
	EndGlobalSection
	GlobalSection(ProjectConfigurationPlatforms) = postSolution
		{7303CBD1-24F0-4A02-830A-23374E2D4D50}.Debug|Any CPU.ActiveCfg = Debug|Any CPU
		{7303CBD1-24F0-4A02-830A-23374E2D4D50}.Debug|Any CPU.Build.0 = Debug|Any CPU
		{7303CBD1-24F0-4A02-830A-23374E2D4D50}.Release|Any CPU.ActiveCfg = Release|Any CPU
		{7303CBD1-24F0-4A02-830A-23374E2D4D50}.Release|Any CPU.Build.0 = Release|Any CPU
	EndGlobalSection
	GlobalSection(SolutionProperties) = preSolution
		HideSolutionNode = FALSE
	EndGlobalSection
	GlobalSection(ExtensibilityGlobals) = postSolution
		SolutionGuid = {B2B084DA-6877-4C1D-AC35-FF0F401702DC}
	EndGlobalSection
EndGlobal
